
Microsoft Visual Studio Solution File, Format Version 12.00
# Visual Studio Version 16
VisualStudioVersion = 16.6.30114.105
MinimumVisualStudioVersion = 10.0.40219.1
Project("{2150E333-8FDC-42A3-9474-1A3956D46DE8}") = "src", "src", "{8F6BFABB-D7DF-4B03-B2C7-9850BCE9345D}"
EndProject
Project("{FAE04EC0-301F-11D3-BF4B-00C04F79EFBC}") = "DevIO.Business", "src\DevIO.Business\DevIO.Business.csproj", "{EFD75119-F564-479A-885B-E5B7DBDBB421}"
EndProject
Project("{FAE04EC0-301F-11D3-BF4B-00C04F79EFBC}") = "DevIO.Data", "src\DevIO.Data\DevIO.Data.csproj", "{EA67C78E-A2F9-49E3-B7A5-0F25F64144C7}"
EndProject
Project("{FAE04EC0-301F-11D3-BF4B-00C04F79EFBC}") = "DevIO.Api", "src\DevIO.Api\DevIO.Api.csproj", "{E3329C71-8A17-4BB3-AC49-C3418FEFFECC}"
EndProject
Global
	GlobalSection(SolutionConfigurationPlatforms) = preSolution
		Debug|Any CPU = Debug|Any CPU
		Debug|x64 = Debug|x64
		Debug|x86 = Debug|x86
		Release|Any CPU = Release|Any CPU
		Release|x64 = Release|x64
		Release|x86 = Release|x86
	EndGlobalSection
	GlobalSection(SolutionProperties) = preSolution
		HideSolutionNode = FALSE
	EndGlobalSection
	GlobalSection(ProjectConfigurationPlatforms) = postSolution
		{EFD75119-F564-479A-885B-E5B7DBDBB421}.Debug|Any CPU.ActiveCfg = Debug|Any CPU
		{EFD75119-F564-479A-885B-E5B7DBDBB421}.Debug|Any CPU.Build.0 = Debug|Any CPU
		{EFD75119-F564-479A-885B-E5B7DBDBB421}.Debug|x64.ActiveCfg = Debug|Any CPU
		{EFD75119-F564-479A-885B-E5B7DBDBB421}.Debug|x64.Build.0 = Debug|Any CPU
		{EFD75119-F564-479A-885B-E5B7DBDBB421}.Debug|x86.ActiveCfg = Debug|Any CPU
		{EFD75119-F564-479A-885B-E5B7DBDBB421}.Debug|x86.Build.0 = Debug|Any CPU
		{EFD75119-F564-479A-885B-E5B7DBDBB421}.Release|Any CPU.ActiveCfg = Release|Any CPU
		{EFD75119-F564-479A-885B-E5B7DBDBB421}.Release|Any CPU.Build.0 = Release|Any CPU
		{EFD75119-F564-479A-885B-E5B7DBDBB421}.Release|x64.ActiveCfg = Release|Any CPU
		{EFD75119-F564-479A-885B-E5B7DBDBB421}.Release|x64.Build.0 = Release|Any CPU
		{EFD75119-F564-479A-885B-E5B7DBDBB421}.Release|x86.ActiveCfg = Release|Any CPU
		{EFD75119-F564-479A-885B-E5B7DBDBB421}.Release|x86.Build.0 = Release|Any CPU
		{EA67C78E-A2F9-49E3-B7A5-0F25F64144C7}.Debug|Any CPU.ActiveCfg = Debug|Any CPU
		{EA67C78E-A2F9-49E3-B7A5-0F25F64144C7}.Debug|Any CPU.Build.0 = Debug|Any CPU
		{EA67C78E-A2F9-49E3-B7A5-0F25F64144C7}.Debug|x64.ActiveCfg = Debug|Any CPU
		{EA67C78E-A2F9-49E3-B7A5-0F25F64144C7}.Debug|x64.Build.0 = Debug|Any CPU
		{EA67C78E-A2F9-49E3-B7A5-0F25F64144C7}.Debug|x86.ActiveCfg = Debug|Any CPU
		{EA67C78E-A2F9-49E3-B7A5-0F25F64144C7}.Debug|x86.Build.0 = Debug|Any CPU
		{EA67C78E-A2F9-49E3-B7A5-0F25F64144C7}.Release|Any CPU.ActiveCfg = Release|Any CPU
		{EA67C78E-A2F9-49E3-B7A5-0F25F64144C7}.Release|Any CPU.Build.0 = Release|Any CPU
		{EA67C78E-A2F9-49E3-B7A5-0F25F64144C7}.Release|x64.ActiveCfg = Release|Any CPU
		{EA67C78E-A2F9-49E3-B7A5-0F25F64144C7}.Release|x64.Build.0 = Release|Any CPU
		{EA67C78E-A2F9-49E3-B7A5-0F25F64144C7}.Release|x86.ActiveCfg = Release|Any CPU
		{EA67C78E-A2F9-49E3-B7A5-0F25F64144C7}.Release|x86.Build.0 = Release|Any CPU
		{E3329C71-8A17-4BB3-AC49-C3418FEFFECC}.Debug|Any CPU.ActiveCfg = Debug|Any CPU
		{E3329C71-8A17-4BB3-AC49-C3418FEFFECC}.Debug|Any CPU.Build.0 = Debug|Any CPU
		{E3329C71-8A17-4BB3-AC49-C3418FEFFECC}.Debug|x64.ActiveCfg = Debug|Any CPU
		{E3329C71-8A17-4BB3-AC49-C3418FEFFECC}.Debug|x64.Build.0 = Debug|Any CPU
		{E3329C71-8A17-4BB3-AC49-C3418FEFFECC}.Debug|x86.ActiveCfg = Debug|Any CPU
		{E3329C71-8A17-4BB3-AC49-C3418FEFFECC}.Debug|x86.Build.0 = Debug|Any CPU
		{E3329C71-8A17-4BB3-AC49-C3418FEFFECC}.Release|Any CPU.ActiveCfg = Release|Any CPU
		{E3329C71-8A17-4BB3-AC49-C3418FEFFECC}.Release|Any CPU.Build.0 = Release|Any CPU
		{E3329C71-8A17-4BB3-AC49-C3418FEFFECC}.Release|x64.ActiveCfg = Release|Any CPU
		{E3329C71-8A17-4BB3-AC49-C3418FEFFECC}.Release|x64.Build.0 = Release|Any CPU
		{E3329C71-8A17-4BB3-AC49-C3418FEFFECC}.Release|x86.ActiveCfg = Release|Any CPU
		{E3329C71-8A17-4BB3-AC49-C3418FEFFECC}.Release|x86.Build.0 = Release|Any CPU
	EndGlobalSection
	GlobalSection(NestedProjects) = preSolution
		{EFD75119-F564-479A-885B-E5B7DBDBB421} = {8F6BFABB-D7DF-4B03-B2C7-9850BCE9345D}
		{EA67C78E-A2F9-49E3-B7A5-0F25F64144C7} = {8F6BFABB-D7DF-4B03-B2C7-9850BCE9345D}
		{E3329C71-8A17-4BB3-AC49-C3418FEFFECC} = {8F6BFABB-D7DF-4B03-B2C7-9850BCE9345D}
	EndGlobalSection
EndGlobal
